
Microsoft Visual Studio Solution File, Format Version 12.00
# Visual Studio Version 16
VisualStudioVersion = 16.0.31410.357
MinimumVisualStudioVersion = 10.0.40219.1
Project("{FAE04EC0-301F-11D3-BF4B-00C04F79EFBC}") = "MusicUnblock", "MusicUnblock.csproj", "{C2C55801-5977-43B9-BC9A-4FD374D68AE7}"
EndProject
Global
	GlobalSection(SolutionConfigurationPlatforms) = preSolution
		Debug|Any CPU = Debug|Any CPU
		Release|Any CPU = Release|Any CPU
	EndGlobalSection
	GlobalSection(ProjectConfigurationPlatforms) = postSolution
		{C2C55801-5977-43B9-BC9A-4FD374D68AE7}.Debug|Any CPU.ActiveCfg = Debug|Any CPU
		{C2C55801-5977-43B9-BC9A-4FD374D68AE7}.Debug|Any CPU.Build.0 = Debug|Any CPU
		{C2C55801-5977-43B9-BC9A-4FD374D68AE7}.Release|Any CPU.ActiveCfg = Release|Any CPU
		{C2C55801-5977-43B9-BC9A-4FD374D68AE7}.Release|Any CPU.Build.0 = Release|Any CPU
	EndGlobalSection
	GlobalSection(SolutionProperties) = preSolution
		HideSolutionNode = FALSE
	EndGlobalSection
	GlobalSection(ExtensibilityGlobals) = postSolution
		SolutionGuid = {5EDA8336-A639-4E42-8FB2-1F58FCCC65B4}
	EndGlobalSection
EndGlobal
